
Microsoft Visual Studio Solution File, Format Version 12.00
# Visual Studio Version 17
VisualStudioVersion = 17.8.34525.116
MinimumVisualStudioVersion = 10.0.40219.1
Project("{FAE04EC0-301F-11D3-BF4B-00C04F79EFBC}") = "IMDBInserter", "IMDBInserter\IMDBInserter.csproj", "{005B253E-315A-4E53-9FC1-F7057012948F}"
EndProject
Global
	GlobalSection(SolutionConfigurationPlatforms) = preSolution
		Debug|Any CPU = Debug|Any CPU
		Release|Any CPU = Release|Any CPU
	EndGlobalSection
	GlobalSection(ProjectConfigurationPlatforms) = postSolution
		{005B253E-315A-4E53-9FC1-F7057012948F}.Debug|Any CPU.ActiveCfg = Debug|Any CPU
		{005B253E-315A-4E53-9FC1-F7057012948F}.Debug|Any CPU.Build.0 = Debug|Any CPU
		{005B253E-315A-4E53-9FC1-F7057012948F}.Release|Any CPU.ActiveCfg = Release|Any CPU
		{005B253E-315A-4E53-9FC1-F7057012948F}.Release|Any CPU.Build.0 = Release|Any CPU
	EndGlobalSection
	GlobalSection(SolutionProperties) = preSolution
		HideSolutionNode = FALSE
	EndGlobalSection
	GlobalSection(ExtensibilityGlobals) = postSolution
		SolutionGuid = {11965EF6-A478-4965-A4F6-B97EEE0B8B2E}
	EndGlobalSection
EndGlobal
